
Microsoft Visual Studio Solution File, Format Version 12.00
# Visual Studio Version 17
VisualStudioVersion = 17.0.32014.148
MinimumVisualStudioVersion = 10.0.40219.1
Project("{9A19103F-16F7-4668-BE54-9A1E7A4F7556}") = "FluentValidationDemo", "FluentValidationDemo\FluentValidationDemo.csproj", "{D1400442-2471-4DCA-BD46-20B0BA2AC46B}"
EndProject
Project("{FAE04EC0-301F-11D3-BF4B-00C04F79EFBC}") = "TestDemo", "TestDemo\TestDemo.csproj", "{D848A655-731C-4F4D-B1B3-2DCC938B3485}"
EndProject
Global
	GlobalSection(SolutionConfigurationPlatforms) = preSolution
		Debug|Any CPU = Debug|Any CPU
		Release|Any CPU = Release|Any CPU
	EndGlobalSection
	GlobalSection(ProjectConfigurationPlatforms) = postSolution
		{D1400442-2471-4DCA-BD46-20B0BA2AC46B}.Debug|Any CPU.ActiveCfg = Debug|Any CPU
		{D1400442-2471-4DCA-BD46-20B0BA2AC46B}.Debug|Any CPU.Build.0 = Debug|Any CPU
		{D1400442-2471-4DCA-BD46-20B0BA2AC46B}.Release|Any CPU.ActiveCfg = Release|Any CPU
		{D1400442-2471-4DCA-BD46-20B0BA2AC46B}.Release|Any CPU.Build.0 = Release|Any CPU
		{D848A655-731C-4F4D-B1B3-2DCC938B3485}.Debug|Any CPU.ActiveCfg = Debug|Any CPU
		{D848A655-731C-4F4D-B1B3-2DCC938B3485}.Debug|Any CPU.Build.0 = Debug|Any CPU
		{D848A655-731C-4F4D-B1B3-2DCC938B3485}.Release|Any CPU.ActiveCfg = Release|Any CPU
		{D848A655-731C-4F4D-B1B3-2DCC938B3485}.Release|Any CPU.Build.0 = Release|Any CPU
	EndGlobalSection
	GlobalSection(SolutionProperties) = preSolution
		HideSolutionNode = FALSE
	EndGlobalSection
	GlobalSection(ExtensibilityGlobals) = postSolution
		SolutionGuid = {B6843E33-FF7F-4482-8FC7-835828BF44A2}
	EndGlobalSection
EndGlobal
